
Microsoft Visual Studio Solution File, Format Version 12.00
# Visual Studio Version 17
VisualStudioVersion = 17.13.35806.99 d17.13
MinimumVisualStudioVersion = 10.0.40219.1
Project("{FAE04EC0-301F-11D3-BF4B-00C04F79EFBC}") = "Perfumeria", "Perfumeria.csproj", "{6ADAEE8E-FC94-4113-A62A-F2FDF69C4B4F}"
EndProject
Global
	GlobalSection(SolutionConfigurationPlatforms) = preSolution
		Debug|Any CPU = Debug|Any CPU
		Release|Any CPU = Release|Any CPU
	EndGlobalSection
	GlobalSection(ProjectConfigurationPlatforms) = postSolution
		{6ADAEE8E-FC94-4113-A62A-F2FDF69C4B4F}.Debug|Any CPU.ActiveCfg = Debug|Any CPU
		{6ADAEE8E-FC94-4113-A62A-F2FDF69C4B4F}.Debug|Any CPU.Build.0 = Debug|Any CPU
		{6ADAEE8E-FC94-4113-A62A-F2FDF69C4B4F}.Release|Any CPU.ActiveCfg = Release|Any CPU
		{6ADAEE8E-FC94-4113-A62A-F2FDF69C4B4F}.Release|Any CPU.Build.0 = Release|Any CPU
	EndGlobalSection
	GlobalSection(SolutionProperties) = preSolution
		HideSolutionNode = FALSE
	EndGlobalSection
	GlobalSection(ExtensibilityGlobals) = postSolution
		SolutionGuid = {C3E89133-C2E6-4EFC-BBA0-E014532D81B5}
	EndGlobalSection
EndGlobal
